// !$*UTF8*$!
{
	archiveVersion = 1;
	classes = {
	};
	objectVersion = 56;
	objects = {

/* Begin PBXBuildFile section */
		EF564B3C2A7C4C2C00C26D0A /* project_1App.swift in Sources */ = {isa = PBXBuildFile; fileRef = EF564B3B2A7C4C2C00C26D0A /* project_1App.swift */; };
		EF564B3E2A7C4C2C00C26D0A /* ContentView.swift in Sources */ = {isa = PBXBuildFile; fileRef = EF564B3D2A7C4C2C00C26D0A /* ContentView.swift */; };
		EF564B402A7C4C2D00C26D0A /* Assets.xcassets in Resources */ = {isa = PBXBuildFile; fileRef = EF564B3F2A7C4C2D00C26D0A /* Assets.xcassets */; };
		EF564B432A7C4C2D00C26D0A /* Preview Assets.xcassets in Resources */ = {isa = PBXBuildFile; fileRef = EF564B422A7C4C2D00C26D0A /* Preview Assets.xcassets */; };
		EF564B5D2A7E8B6B00C26D0A /* ViewModel.swift in Sources */ = {isa = PBXBuildFile; fileRef = EF564B5C2A7E8B6B00C26D0A /* ViewModel.swift */; };
		EF564B5F2A7EAC2B00C26D0A /* ListViewModel.swift in Sources */ = {isa = PBXBuildFile; fileRef = EF564B5E2A7EAC2B00C26D0A /* ListViewModel.swift */; };
		EF564B612A7EB23100C26D0A /* ItemModel.swift in Sources */ = {isa = PBXBuildFile; fileRef = EF564B602A7EB23100C26D0A /* ItemModel.swift */; };
		EF564B632A7ED16600C26D0A /* ModelFile.swift in Sources */ = {isa = PBXBuildFile; fileRef = EF564B622A7ED16600C26D0A /* ModelFile.swift */; };
		EF564B672A7EDE2D00C26D0A /* List.swift in Sources */ = {isa = PBXBuildFile; fileRef = EF564B662A7EDE2D00C26D0A /* List.swift */; };
		EF564B692A7F092F00C26D0A /* StateFile.swift in Sources */ = {isa = PBXBuildFile; fileRef = EF564B682A7F092F00C26D0A /* StateFile.swift */; };
/* End PBXBuildFile section */

/* Begin PBXFileReference section */
		EF564B382A7C4C2C00C26D0A /* project 1.app */ = {isa = PBXFileReference; explicitFileType = wrapper.application; includeInIndex = 0; path = "project 1.app"; sourceTree = BUILT_PRODUCTS_DIR; };
		EF564B3B2A7C4C2C00C26D0A /* project_1App.swift */ = {isa = PBXFileReference; lastKnownFileType = sourcecode.swift; path = project_1App.swift; sourceTree = "<group>"; };
		EF564B3D2A7C4C2C00C26D0A /* ContentView.swift */ = {isa = PBXFileReference; lastKnownFileType = sourcecode.swift; path = ContentView.swift; sourceTree = "<group>"; };
		EF564B3F2A7C4C2D00C26D0A /* Assets.xcassets */ = {isa = PBXFileReference; lastKnownFileType = folder.assetcatalog; path = Assets.xcassets; sourceTree = "<group>"; };
		EF564B422A7C4C2D00C26D0A /* Preview Assets.xcassets */ = {isa = PBXFileReference; lastKnownFileType = folder.assetcatalog; path = "Preview Assets.xcassets"; sourceTree = "<group>"; };
		EF564B5C2A7E8B6B00C26D0A /* ViewModel.swift */ = {isa = PBXFileReference; lastKnownFileType = sourcecode.swift; path = ViewModel.swift; sourceTree = "<group>"; };
		EF564B5E2A7EAC2B00C26D0A /* ListViewModel.swift */ = {isa = PBXFileReference; lastKnownFileType = sourcecode.swift; path = ListViewModel.swift; sourceTree = "<group>"; };
		EF564B602A7EB23100C26D0A /* ItemModel.swift */ = {isa = PBXFileReference; lastKnownFileType = sourcecode.swift; path = ItemModel.swift; sourceTree = "<group>"; };
		EF564B622A7ED16600C26D0A /* ModelFile.swift */ = {isa = PBXFileReference; lastKnownFileType = sourcecode.swift; path = ModelFile.swift; sourceTree = "<group>"; };
		EF564B662A7EDE2D00C26D0A /* List.swift */ = {isa = PBXFileReference; lastKnownFileType = sourcecode.swift; path = List.swift; sourceTree = "<group>"; };
		EF564B682A7F092F00C26D0A /* StateFile.swift */ = {isa = PBXFileReference; lastKnownFileType = sourcecode.swift; path = StateFile.swift; sourceTree = "<group>"; };
/* End PBXFileReference section */

/* Begin PBXFrameworksBuildPhase section */
		EF564B352A7C4C2C00C26D0A /* Frameworks */ = {
			isa = PBXFrameworksBuildPhase;
			buildActionMask = 2147483647;
			files = (
			);
			runOnlyForDeploymentPostprocessing = 0;
		};
/* End PBXFrameworksBuildPhase section */

/* Begin PBXGroup section */
		EF564B2F2A7C4C2C00C26D0A = {
			isa = PBXGroup;
			children = (
				EF564B3A2A7C4C2C00C26D0A /* project 1 */,
				EF564B392A7C4C2C00C26D0A /* Products */,
			);
			sourceTree = "<group>";
		};
		EF564B392A7C4C2C00C26D0A /* Products */ = {
			isa = PBXGroup;
			children = (
				EF564B382A7C4C2C00C26D0A /* project 1.app */,
			);
			name = Products;
			sourceTree = "<group>";
		};
		EF564B3A2A7C4C2C00C26D0A /* project 1 */ = {
			isa = PBXGroup;
			children = (
				EF564B4F2A7D492200C26D0A /* ViewModels */,
				EF564B4E2A7D491200C26D0A /* Models */,
				EF564B4D2A7D48A300C26D0A /* View */,
				EF564B3B2A7C4C2C00C26D0A /* project_1App.swift */,
				EF564B662A7EDE2D00C26D0A /* List.swift */,
				EF564B5C2A7E8B6B00C26D0A /* ViewModel.swift */,
				EF564B3D2A7C4C2C00C26D0A /* ContentView.swift */,
				EF564B3F2A7C4C2D00C26D0A /* Assets.xcassets */,
				EF564B412A7C4C2D00C26D0A /* Preview Content */,
			);
			path = "project 1";
			sourceTree = "<group>";
		};
		EF564B412A7C4C2D00C26D0A /* Preview Content */ = {
			isa = PBXGroup;
			children = (
				EF564B422A7C4C2D00C26D0A /* Preview Assets.xcassets */,
			);
			path = "Preview Content";
			sourceTree = "<group>";
		};
		EF564B4D2A7D48A300C26D0A /* View */ = {
			isa = PBXGroup;
			children = (
			);
			path = View;
			sourceTree = "<group>";
		};
		EF564B4E2A7D491200C26D0A /* Models */ = {
			isa = PBXGroup;
			children = (
				EF564B622A7ED16600C26D0A /* ModelFile.swift */,
				EF564B682A7F092F00C26D0A /* StateFile.swift */,
			);
			path = Models;
			sourceTree = "<group>";
		};
		EF564B4F2A7D492200C26D0A /* ViewModels */ = {
			isa = PBXGroup;
			children = (
				EF564B5E2A7EAC2B00C26D0A /* ListViewModel.swift */,
				EF564B602A7EB23100C26D0A /* ItemModel.swift */,
			);
			path = ViewModels;
			sourceTree = "<group>";
		};
/* End PBXGroup section */

/* Begin PBXNativeTarget section */
		EF564B372A7C4C2C00C26D0A /* project 1 */ = {
			isa = PBXNativeTarget;
			buildConfigurationList = EF564B462A7C4C2D00C26D0A /* Build configuration list for PBXNativeTarget "project 1" */;
			buildPhases = (
				EF564B342A7C4C2C00C26D0A /* Sources */,
				EF564B352A7C4C2C00C26D0A /* Frameworks */,
				EF564B362A7C4C2C00C26D0A /* Resources */,
			);
			buildRules = (
			);
			dependencies = (
			);
			name = "project 1";
			productName = "project 1";
			productReference = EF564B382A7C4C2C00C26D0A /* project 1.app */;
			productType = "com.apple.product-type.application";
		};
/* End PBXNativeTarget section */

/* Begin PBXProject section */
		EF564B302A7C4C2C00C26D0A /* Project object */ = {
			isa = PBXProject;
			attributes = {
				BuildIndependentTargetsInParallel = 1;
				LastSwiftUpdateCheck = 1430;
				LastUpgradeCheck = 1430;
				TargetAttributes = {
					EF564B372A7C4C2C00C26D0A = {
						CreatedOnToolsVersion = 14.3.1;
					};
				};
			};
			buildConfigurationList = EF564B332A7C4C2C00C26D0A /* Build configuration list for PBXProject "project 1" */;
			compatibilityVersion = "Xcode 14.0";
			developmentRegion = en;
			hasScannedForEncodings = 0;
			knownRegions = (
				en,
				Base,
			);
			mainGroup = EF564B2F2A7C4C2C00C26D0A;
			productRefGroup = EF564B392A7C4C2C00C26D0A /* Products */;
			projectDirPath = "";
			projectRoot = "";
			targets = (
				EF564B372A7C4C2C00C26D0A /* project 1 */,
			);
		};
/* End PBXProject section */

/* Begin PBXResourcesBuildPhase section */
		EF564B362A7C4C2C00C26D0A /* Resources */ = {
			isa = PBXResourcesBuildPhase;
			buildActionMask = 2147483647;
			files = (
				EF564B432A7C4C2D00C26D0A /* Preview Assets.xcassets in Resources */,
				EF564B402A7C4C2D00C26D0A /* Assets.xcassets in Resources */,
			);
			runOnlyForDeploymentPostprocessing = 0;
		};
/* End PBXResourcesBuildPhase section */

/* Begin PBXSourcesBuildPhase section */
		EF564B342A7C4C2C00C26D0A /* Sources */ = {
			isa = PBXSourcesBuildPhase;
			buildActionMask = 2147483647;
			files = (
				EF564B612A7EB23100C26D0A /* ItemModel.swift in Sources */,
				EF564B672A7EDE2D00C26D0A /* List.swift in Sources */,
				EF564B5F2A7EAC2B00C26D0A /* ListViewModel.swift in Sources */,
				EF564B692A7F092F00C26D0A /* StateFile.swift in Sources */,
				EF564B3E2A7C4C2C00C26D0A /* ContentView.swift in Sources */,
				EF564B632A7ED16600C26D0A /* ModelFile.swift in Sources */,
				EF564B5D2A7E8B6B00C26D0A /* ViewModel.swift in Sources */,
				EF564B3C2A7C4C2C00C26D0A /* project_1App.swift in Sources */,
			);
			runOnlyForDeploymentPostprocessing = 0;
		};
/* End PBXSourcesBuildPhase section */

/* Begin XCBuildConfiguration section */
		EF564B442A7C4C2D00C26D0A /* Debug */ = {
			isa = XCBuildConfiguration;
			buildSettings = {
				ALWAYS_SEARCH_USER_PATHS = NO;
				CLANG_ANALYZER_NONNULL = YES;
				CLANG_ANALYZER_NUMBER_OBJECT_CONVERSION = YES_AGGRESSIVE;
				CLANG_CXX_LANGUAGE_STANDARD = "gnu++20";
				CLANG_ENABLE_MODULES = YES;
				CLANG_ENABLE_OBJC_ARC = YES;
				CLANG_ENABLE_OBJC_WEAK = YES;
				CLANG_WARN_BLOCK_CAPTURE_AUTORELEASING = YES;
				CLANG_WARN_BOOL_CONVERSION = YES;
				CLANG_WARN_COMMA = YES;
				CLANG_WARN_CONSTANT_CONVERSION = YES;
				CLANG_WARN_DEPRECATED_OBJC_IMPLEMENTATIONS = YES;
				CLANG_WARN_DIRECT_OBJC_ISA_USAGE = YES_ERROR;
				CLANG_WARN_DOCUMENTATION_COMMENTS = YES;
				CLANG_WARN_EMPTY_BODY = YES;
				CLANG_WARN_ENUM_CONVERSION = YES;
				CLANG_WARN_INFINITE_RECURSION = YES;
				CLANG_WARN_INT_CONVERSION = YES;
				CLANG_WARN_NON_LITERAL_NULL_CONVERSION = YES;
				CLANG_WARN_OBJC_IMPLICIT_RETAIN_SELF = YES;
				CLANG_WARN_OBJC_LITERAL_CONVERSION = YES;
				CLANG_WARN_OBJC_ROOT_CLASS = YES_ERROR;
				CLANG_WARN_QUOTED_INCLUDE_IN_FRAMEWORK_HEADER = YES;
				CLANG_WARN_RANGE_LOOP_ANALYSIS = YES;
				CLANG_WARN_STRICT_PROTOTYPES = YES;
				CLANG_WARN_SUSPICIOUS_MOVE = YES;
				CLANG_WARN_UNGUARDED_AVAILABILITY = YES_AGGRESSIVE;
				CLANG_WARN_UNREACHABLE_CODE = YES;
				CLANG_WARN__DUPLICATE_METHOD_MATCH = YES;
				COPY_PHASE_STRIP = NO;
				DEBUG_INFORMATION_FORMAT = dwarf;
				ENABLE_STRICT_OBJC_MSGSEND = YES;
				ENABLE_TESTABILITY = YES;
				GCC_C_LANGUAGE_STANDARD = gnu11;
				GCC_DYNAMIC_NO_PIC = NO;
				GCC_NO_COMMON_BLOCKS = YES;
				GCC_OPTIMIZATION_LEVEL = 0;
				GCC_PREPROCESSOR_DEFINITIONS = (
					"DEBUG=1",
					"$(inherited)",
				);
				GCC_WARN_64_TO_32_BIT_CONVERSION = YES;
				GCC_WARN_ABOUT_RETURN_TYPE = YES_ERROR;
				GCC_WARN_UNDECLARED_SELECTOR = YES;
				GCC_WARN_UNINITIALIZED_AUTOS = YES_AGGRESSIVE;
				GCC_WARN_UNUSED_FUNCTION = YES;
				GCC_WARN_UNUSED_VARIABLE = YES;
				IPHONEOS_DEPLOYMENT_TARGET = 16.4;
				MTL_ENABLE_DEBUG_INFO = INCLUDE_SOURCE;
				MTL_FAST_MATH = YES;
				ONLY_ACTIVE_ARCH = YES;
				SDKROOT = iphoneos;
				SWIFT_ACTIVE_COMPILATION_CONDITIONS = DEBUG;
				SWIFT_OPTIMIZATION_LEVEL = "-Onone";
			};
			name = Debug;
		};
		EF564B452A7C4C2D00C26D0A /* Release */ = {
			isa = XCBuildConfiguration;
			buildSettings = {
				ALWAYS_SEARCH_USER_PATHS = NO;
				CLANG_ANALYZER_NONNULL = YES;
				CLANG_ANALYZER_NUMBER_OBJECT_CONVERSION = YES_AGGRESSIVE;
				CLANG_CXX_LANGUAGE_STANDARD = "gnu++20";
				CLANG_ENABLE_MODULES = YES;
				CLANG_ENABLE_OBJC_ARC = YES;
				CLANG_ENABLE_OBJC_WEAK = YES;
				CLANG_WARN_BLOCK_CAPTURE_AUTORELEASING = YES;
				CLANG_WARN_BOOL_CONVERSION = YES;
				CLANG_WARN_COMMA = YES;
				CLANG_WARN_CONSTANT_CONVERSION = YES;
				CLANG_WARN_DEPRECATED_OBJC_IMPLEMENTATIONS = YES;
				CLANG_WARN_DIRECT_OBJC_ISA_USAGE = YES_ERROR;
				CLANG_WARN_DOCUMENTATION_COMMENTS = YES;
				CLANG_WARN_EMPTY_BODY = YES;
				CLANG_WARN_ENUM_CONVERSION = YES;
				CLANG_WARN_INFINITE_RECURSION = YES;
				CLANG_WARN_INT_CONVERSION = YES;
				CLANG_WARN_NON_LITERAL_NULL_CONVERSION = YES;
				CLANG_WARN_OBJC_IMPLICIT_RETAIN_SELF = YES;
				CLANG_WARN_OBJC_LITERAL_CONVERSION = YES;
				CLANG_WARN_OBJC_ROOT_CLASS = YES_ERROR;
				CLANG_WARN_QUOTED_INCLUDE_IN_FRAMEWORK_HEADER = YES;
				CLANG_WARN_RANGE_LOOP_ANALYSIS = YES;
				CLANG_WARN_STRICT_PROTOTYPES = YES;
				CLANG_WARN_SUSPICIOUS_MOVE = YES;
				CLANG_WARN_UNGUARDED_AVAILABILITY = YES_AGGRESSIVE;
				CLANG_WARN_UNREACHABLE_CODE = YES;
				CLANG_WARN__DUPLICATE_METHOD_MATCH = YES;
				COPY_PHASE_STRIP = NO;
				DEBUG_INFORMATION_FORMAT = "dwarf-with-dsym";
				ENABLE_NS_ASSERTIONS = NO;
				ENABLE_STRICT_OBJC_MSGSEND = YES;
				GCC_C_LANGUAGE_STANDARD = gnu11;
				GCC_NO_COMMON_BLOCKS = YES;
				GCC_WARN_64_TO_32_BIT_CONVERSION = YES;
				GCC_WARN_ABOUT_RETURN_TYPE = YES_ERROR;
				GCC_WARN_UNDECLARED_SELECTOR = YES;
				GCC_WARN_UNINITIALIZED_AUTOS = YES_AGGRESSIVE;
				GCC_WARN_UNUSED_FUNCTION = YES;
				GCC_WARN_UNUSED_VARIABLE = YES;
				IPHONEOS_DEPLOYMENT_TARGET = 16.4;
				MTL_ENABLE_DEBUG_INFO = NO;
				MTL_FAST_MATH = YES;
				SDKROOT = iphoneos;
				SWIFT_COMPILATION_MODE = wholemodule;
				SWIFT_OPTIMIZATION_LEVEL = "-O";
				VALIDATE_PRODUCT = YES;
			};
			name = Release;
		};
		EF564B472A7C4C2D00C26D0A /* Debug */ = {
			isa = XCBuildConfiguration;
			buildSettings = {
				ASSETCATALOG_COMPILER_APPICON_NAME = AppIcon;
				ASSETCATALOG_COMPILER_GLOBAL_ACCENT_COLOR_NAME = AccentColor;
				CODE_SIGN_STYLE = Automatic;
				CURRENT_PROJECT_VERSION = 1;
				DEVELOPMENT_ASSET_PATHS = "\"project 1/Preview Content\"";
				ENABLE_PREVIEWS = YES;
				GENERATE_INFOPLIST_FILE = YES;
				INFOPLIST_KEY_UIApplicationSceneManifest_Generation = YES;
				INFOPLIST_KEY_UIApplicationSupportsIndirectInputEvents = YES;
				INFOPLIST_KEY_UILaunchScreen_Generation = YES;
				INFOPLIST_KEY_UISupportedInterfaceOrientations_iPad = "UIInterfaceOrientationPortrait UIInterfaceOrientationPortraitUpsideDown UIInterfaceOrientationLandscapeLeft UIInterfaceOrientationLandscapeRight";
				INFOPLIST_KEY_UISupportedInterfaceOrientations_iPhone = "UIInterfaceOrientationPortrait UIInterfaceOrientationLandscapeLeft UIInterfaceOrientationLandscapeRight";
				LD_RUNPATH_SEARCH_PATHS = (
					"$(inherited)",
					"@executable_path/Frameworks",
				);
				MARKETING_VERSION = 1.0;
				PRODUCT_BUNDLE_IDENTIFIER = "swift.project-1";
				PRODUCT_NAME = "$(TARGET_NAME)";
				SWIFT_EMIT_LOC_STRINGS = YES;
				SWIFT_VERSION = 5.0;
				TARGETED_DEVICE_FAMILY = "1,2";
			};
			name = Debug;
		};
		EF564B482A7C4C2D00C26D0A /* Release */ = {
			isa = XCBuildConfiguration;
			buildSettings = {
				ASSETCATALOG_COMPILER_APPICON_NAME = AppIcon;
				ASSETCATALOG_COMPILER_GLOBAL_ACCENT_COLOR_NAME = AccentColor;
				CODE_SIGN_STYLE = Automatic;
				CURRENT_PROJECT_VERSION = 1;
				DEVELOPMENT_ASSET_PATHS = "\"project 1/Preview Content\"";
				ENABLE_PREVIEWS = YES;
				GENERATE_INFOPLIST_FILE = YES;
				INFOPLIST_KEY_UIApplicationSceneManifest_Generation = YES;
				INFOPLIST_KEY_UIApplicationSupportsIndirectInputEvents = YES;
				INFOPLIST_KEY_UILaunchScreen_Generation = YES;
				INFOPLIST_KEY_UISupportedInterfaceOrientations_iPad = "UIInterfaceOrientationPortrait UIInterfaceOrientationPortraitUpsideDown UIInterfaceOrientationLandscapeLeft UIInterfaceOrientationLandscapeRight";
				INFOPLIST_KEY_UISupportedInterfaceOrientations_iPhone = "UIInterfaceOrientationPortrait UIInterfaceOrientationLandscapeLeft UIInterfaceOrientationLandscapeRight";
				LD_RUNPATH_SEARCH_PATHS = (
					"$(inherited)",
					"@executable_path/Frameworks",
				);
				MARKETING_VERSION = 1.0;
				PRODUCT_BUNDLE_IDENTIFIER = "swift.project-1";
				PRODUCT_NAME = "$(TARGET_NAME)";
				SWIFT_EMIT_LOC_STRINGS = YES;
				SWIFT_VERSION = 5.0;
				TARGETED_DEVICE_FAMILY = "1,2";
			};
			name = Release;
		};
/* End XCBuildConfiguration section */

/* Begin XCConfigurationList section */
		EF564B332A7C4C2C00C26D0A /* Build configuration list for PBXProject "project 1" */ = {
			isa = XCConfigurationList;
			buildConfigurations = (
				EF564B442A7C4C2D00C26D0A /* Debug */,
				EF564B452A7C4C2D00C26D0A /* Release */,
			);
			defaultConfigurationIsVisible = 0;
			defaultConfigurationName = Release;
		};
		EF564B462A7C4C2D00C26D0A /* Build configuration list for PBXNativeTarget "project 1" */ = {
			isa = XCConfigurationList;
			buildConfigurations = (
				EF564B472A7C4C2D00C26D0A /* Debug */,
				EF564B482A7C4C2D00C26D0A /* Release */,
			);
			defaultConfigurationIsVisible = 0;
			defaultConfigurationName = Release;
		};
/* End XCConfigurationList section */
	};
	rootObject = EF564B302A7C4C2C00C26D0A /* Project object */;
}
